
Microsoft Visual Studio Solution File, Format Version 12.00
# Visual Studio Version 17
VisualStudioVersion = 17.7.34031.279
MinimumVisualStudioVersion = 10.0.40219.1
Project("{FAE04EC0-301F-11D3-BF4B-00C04F79EFBC}") = "wwwwwwwwwwwww", "wwwwwwwwwwwww\wwwwwwwwwwwww.csproj", "{8AD73568-A4E0-46DF-B845-F0F17147E654}"
EndProject
Global
	GlobalSection(SolutionConfigurationPlatforms) = preSolution
		Debug|Any CPU = Debug|Any CPU
		Release|Any CPU = Release|Any CPU
	EndGlobalSection
	GlobalSection(ProjectConfigurationPlatforms) = postSolution
		{8AD73568-A4E0-46DF-B845-F0F17147E654}.Debug|Any CPU.ActiveCfg = Debug|Any CPU
		{8AD73568-A4E0-46DF-B845-F0F17147E654}.Debug|Any CPU.Build.0 = Debug|Any CPU
		{8AD73568-A4E0-46DF-B845-F0F17147E654}.Release|Any CPU.ActiveCfg = Release|Any CPU
		{8AD73568-A4E0-46DF-B845-F0F17147E654}.Release|Any CPU.Build.0 = Release|Any CPU
	EndGlobalSection
	GlobalSection(SolutionProperties) = preSolution
		HideSolutionNode = FALSE
	EndGlobalSection
	GlobalSection(ExtensibilityGlobals) = postSolution
		SolutionGuid = {67438905-2E2B-4EBB-B2BD-D09258BB97F6}
	EndGlobalSection
EndGlobal
